
Microsoft Visual Studio Solution File, Format Version 12.00
# Visual Studio Version 17
VisualStudioVersion = 17.0.31912.275
MinimumVisualStudioVersion = 10.0.40219.1
Project("{9A19103F-16F7-4668-BE54-9A1E7A4F7556}") = "ConsoleApp1", "ConsoleApp1\ConsoleApp1.csproj", "{EEBD65B7-EEE0-4C88-9EAF-9B7F1B00526B}"
EndProject
Global
	GlobalSection(SolutionConfigurationPlatforms) = preSolution
		Debug|Any CPU = Debug|Any CPU
		Release|Any CPU = Release|Any CPU
	EndGlobalSection
	GlobalSection(ProjectConfigurationPlatforms) = postSolution
		{EEBD65B7-EEE0-4C88-9EAF-9B7F1B00526B}.Debug|Any CPU.ActiveCfg = Debug|Any CPU
		{EEBD65B7-EEE0-4C88-9EAF-9B7F1B00526B}.Debug|Any CPU.Build.0 = Debug|Any CPU
		{EEBD65B7-EEE0-4C88-9EAF-9B7F1B00526B}.Release|Any CPU.ActiveCfg = Release|Any CPU
		{EEBD65B7-EEE0-4C88-9EAF-9B7F1B00526B}.Release|Any CPU.Build.0 = Release|Any CPU
	EndGlobalSection
	GlobalSection(SolutionProperties) = preSolution
		HideSolutionNode = FALSE
	EndGlobalSection
	GlobalSection(ExtensibilityGlobals) = postSolution
		SolutionGuid = {A00D0D22-598D-438F-8721-5AE1BEE97EFB}
	EndGlobalSection
EndGlobal
